version = 1
revision = 3
requires-python = "==3.12.*"

[[package]]
name = "crc32c"
version = "2.8"
source = { registry = "https://pypi.org/simple" }
sdist = { url = "https://files.pythonhosted.org/packages/e3/66/7e97aa77af7cf6afbff26e3651b564fe41932599bc2d3dce0b2f73d4829a/crc32c-2.8.tar.gz", hash = "sha256:578728964e59c47c356aeeedee6220e021e124b9d3e8631d95d9a5e5f06e261c", size = 48179, upload-time = "2025-10-17T06:20:13.61Z" }
wheels = [
    { url = "https://files.pythonhosted.org/packages/b6/36/fd18ef23c42926b79c7003e16cb0f79043b5b179c633521343d3b499e996/crc32c-2.8-cp312-cp312-macosx_10_13_universal2.whl", hash = "sha256:572ffb1b78cce3d88e8d4143e154d31044a44be42cb3f6fbbf77f1e7a941c5ab", size = 66379, upload-time = "2025-10-17T06:19:10.115Z" },
    { url = "https://files.pythonhosted.org/packages/7f/b8/c584958e53f7798dd358f5bdb1bbfc97483134f053ee399d3eeb26cca075/crc32c-2.8-cp312-cp312-macosx_10_13_x86_64.whl", hash = "sha256:cf827b3758ee0c4aacd21ceca0e2da83681f10295c38a10bfeb105f7d98f7a68", size = 63042, upload-time = "2025-10-17T06:19:10.946Z" },
    { url = "https://files.pythonhosted.org/packages/62/e6/6f2af0ec64a668a46c861e5bc778ea3ee42171fedfc5440f791f470fd783/crc32c-2.8-cp312-cp312-macosx_11_0_arm64.whl", hash = "sha256:106fbd79013e06fa92bc3b51031694fcc1249811ed4364ef1554ee3dd2c7f5a2", size = 61528, upload-time = "2025-10-17T06:19:11.768Z" },
    { url = "https://files.pythonhosted.org/packages/17/8b/4a04bd80a024f1a23978f19ae99407783e06549e361ab56e9c08bba3c1d3/crc32c-2.8-cp312-cp312-manylinux1_x86_64.manylinux_2_28_x86_64.manylinux_2_5_x86_64.whl", hash = "sha256:6dde035f91ffbfe23163e68605ee5a4bb8ceebd71ed54bb1fb1d0526cdd125a2", size = 80028, upload-time = "2025-10-17T06:19:12.554Z" },
    { url = "https://files.pythonhosted.org/packages/21/8f/01c7afdc76ac2007d0e6a98e7300b4470b170480f8188475b597d1f4b4c6/crc32c-2.8-cp312-cp312-manylinux2014_aarch64.manylinux_2_17_aarch64.manylinux_2_28_aarch64.whl", hash = "sha256:e41ebe7c2f0fdcd9f3a3fd206989a36b460b4d3f24816d53e5be6c7dba72c5e1", size = 81531, upload-time = "2025-10-17T06:19:13.406Z" },
    { url = "https://files.pythonhosted.org/packages/32/2b/8f78c5a8cc66486be5f51b6f038fc347c3ba748d3ea68be17a014283c331/crc32c-2.8-cp312-cp312-musllinux_1_2_aarch64.whl", hash = "sha256:ecf66cf90266d9c15cea597d5cc86c01917cd1a238dc3c51420c7886fa750d7e", size = 80608, upload-time = "2025-10-17T06:19:14.223Z" },
    { url = "https://files.pythonhosted.org/packages/db/86/fad1a94cdeeeb6b6e2323c87f970186e74bfd6fbfbc247bf5c88ad0873d5/crc32c-2.8-cp312-cp312-musllinux_1_2_x86_64.whl", hash = "sha256:59eee5f3a69ad0793d5fa9cdc9b9d743b0cd50edf7fccc0a3988a821fef0208c", size = 79886, upload-time = "2025-10-17T06:19:15.345Z" },
    { url = "https://files.pythonhosted.org/packages/d5/db/1a7cb6757a1e32376fa2dfce00c815ea4ee614a94f9bff8228e37420c183/crc32c-2.8-cp312-cp312-win32.whl", hash = "sha256:a73d03ce3604aa5d7a2698e9057a0eef69f529c46497b27ee1c38158e90ceb76", size = 64896, upload-time = "2025-10-17T06:19:16.457Z" },
    { url = "https://files.pythonhosted.org/packages/bf/8e/2024de34399b2e401a37dcb54b224b56c747b0dc46de4966886827b4d370/crc32c-2.8-cp312-cp312-win_amd64.whl", hash = "sha256:56b3b7d015247962cf58186e06d18c3d75a1a63d709d3233509e1c50a2d36aa2", size = 66645, upload-time = "2025-10-17T06:19:17.235Z" },
]

[[package]]
name = "numpy"
version = "2.5.1"
source = { registry = "https://pypi.org/simple" }
sdist = { url = "https://files.pythonhosted.org/packages/22/fd/89965aa4ac08c74998539fcbf24fa3540f3e15237fbeb6bcf9c908f4aade/numpy-2.5.1.tar.gz", hash = "sha256:a48a113e6afea91f5608793bafa7ef2ad481fefbda87ec5069f483de61cb9fa3", size = 20755553, upload-time = "2026-07-04T17:08:00.933Z" }
wheels = [
    { url = "https://files.pythonhosted.org/packages/62/7b/14687aa674250e5e546f616f486b0d56d3631cd5b2415739141ce40bdcea/numpy-2.5.1-cp312-cp312-macosx_10_13_x86_64.whl", hash = "sha256:2c889b56fe48b1018f764b0eec8df59ab654e9148aa91faa12596043500de277", size = 16801574, upload-time = "2026-07-04T17:06:12.423Z" },
    { url = "https://files.pythonhosted.org/packages/e1/19/cc5bb2a3f2913d27d6dbb2c78d25921fabaedc6741d4a5a615a11f3c5bf3/numpy-2.5.1-cp312-cp312-macosx_11_0_arm64.whl", hash = "sha256:ab451b59c5643c570974c43aef780703ef1d3b4965d2be07afd530615a9358d1", size = 11772250, upload-time = "2026-07-04T17:06:15.726Z" },
    { url = "https://files.pythonhosted.org/packages/42/77/fdf34a71dd30f54979b18603bee915e0aaf825b07afe79acd60b04b691e2/numpy-2.5.1-cp312-cp312-macosx_14_0_arm64.whl", hash = "sha256:78798bd5b9ad744056af8efa90e3b9ddaa53272a0848a483084a1cc0a13b2dc0", size = 5331516, upload-time = "2026-07-04T17:06:17.913Z" },
    { url = "https://files.pythonhosted.org/packages/ce/e2/eb7efa015b4cce41e2517bf182a7fce0d7d5b9d9ed76a29bfa0f4fe4505c/numpy-2.5.1-cp312-cp312-macosx_14_0_x86_64.whl", hash = "sha256:2ae0ca40bcb22d6ba59c1dfd5446f49940b0f2d821fde133f10dda11f816b84e", size = 6664863, upload-time = "2026-07-04T17:06:20.02Z" },
    { url = "https://files.pythonhosted.org/packages/a9/4b/a2b32dd94ee9ffbeecb28152240042a3949db33b1c834d44090b80e1b3b8/numpy-2.5.1-cp312-cp312-manylinux_2_27_aarch64.manylinux_2_28_aarch64.whl", hash = "sha256:61ac47e772e6b8ea489e1d2f441a34c5c3ac17327e7ce294cbdf535795ad4e75", size = 15167977, upload-time = "2026-07-04T17:06:21.621Z" },
    { url = "https://files.pythonhosted.org/packages/b8/a9/6e73d68500f80773f65f0654ea932019d6694329a0eb0ed0533de38df376/numpy-2.5.1-cp312-cp312-manylinux_2_27_x86_64.manylinux_2_28_x86_64.whl", hash = "sha256:59fda5e192b570217ec2580c96f00e9a7e12ef6866a900eb089b62c1a32545ca", size = 16672469, upload-time = "2026-07-04T17:06:24.064Z" },
    { url = "https://files.pythonhosted.org/packages/24/7d/ad3e59015135f5261c95fd4cafeff159c955febd83a99a1d9250c4233815/numpy-2.5.1-cp312-cp312-musllinux_1_2_aarch64.whl", hash = "sha256:f7119ebff1a9829e9f431a4f9d28e703023bb6b9fe7c8f724467dbfc27c94ab3", size = 16527531, upload-time = "2026-07-04T17:06:26.69Z" },
    { url = "https://files.pythonhosted.org/packages/83/d0/a39b2fbcde9cb17a1dac678f254b33a6336298af9df338824c685425d5e8/numpy-2.5.1-cp312-cp312-musllinux_1_2_x86_64.whl", hash = "sha256:e824c2acf8862052246be5a44c15da1777940c60d010dd2aab897824d9c430f9", size = 18431940, upload-time = "2026-07-04T17:06:29.521Z" },
    { url = "https://files.pythonhosted.org/packages/04/12/cff070947791c1ed425ff76413189adbdc2fbe215eba7ce7fa454a03c7f8/numpy-2.5.1-cp312-cp312-win32.whl", hash = "sha256:08d60c810432eb83360958dea0999ac4cfb94531ea8efcbf0b7f277c2068aeb2", size = 6066764, upload-time = "2026-07-04T17:06:32.571Z" },
    { url = "https://files.pythonhosted.org/packages/65/66/53f31807a48a750f9d748da273bc3fcedd12b27ff1f3e373bfec55ef2dc0/numpy-2.5.1-cp312-cp312-win_amd64.whl", hash = "sha256:f7d60026c0bdb1380e83bfa7a0419c4577ee4b9a08880afcb6dadeb74c649fa2", size = 12430966, upload-time = "2026-07-04T17:06:34.926Z" },
    { url = "https://files.pythonhosted.org/packages/2b/2a/d1a88066b1c14186f5d3c0d18c94f17b064511982bab0578d49ee9d43c29/numpy-2.5.1-cp312-cp312-win_arm64.whl", hash = "sha256:17a25e09640602e10bc8de0e6fa2b3fd68eedd84ba6d7842dc8f32f9ab87bd0b", size = 10350488, upload-time = "2026-07-04T17:06:37.785Z" },
]

[[package]]
name = "original-ui-r1-data"
version = "0.1.0"
source = { virtual = "." }
dependencies = [
    { name = "tfrecord" },
]

[package.metadata]
requires-dist = [{ name = "tfrecord", specifier = "==1.14.6" }]

[[package]]
name = "protobuf"
version = "7.35.1"
source = { registry = "https://pypi.org/simple" }
sdist = { url = "https://files.pythonhosted.org/packages/da/01/9ef0afd7999eb9badb3a768b4aedd78c86d4c65cfaf1958ab276199e76b4/protobuf-7.35.1.tar.gz", hash = "sha256:ce115a26fe0c39a2c29973d914d327e516a6455464489fe3cd1e51a1b354f81a", size = 458717, upload-time = "2026-06-11T21:55:40.257Z" }
wheels = [
    { url = "https://files.pythonhosted.org/packages/10/03/8aeeb7458d22546bf64b5250ca1daeb5ff757d900e8e4a7476c6f0db843e/protobuf-7.35.1-cp310-abi3-macosx_10_9_universal2.whl", hash = "sha256:24f857477359a85c0c235261b8ba905fd51b2562f4a64ca1df5473f29850cbf6", size = 433226, upload-time = "2026-06-11T21:55:31.719Z" },
    { url = "https://files.pythonhosted.org/packages/37/4b/dfb89eb0e652a1ff073c39a59fb5e3a83cfe9b57a2c83fa6d78270101767/protobuf-7.35.1-cp310-abi3-manylinux2014_aarch64.whl", hash = "sha256:11d6b0ec246892d85215b0a13ca6e0233cf5284b68f0ac02646427f4ff88a799", size = 328847, upload-time = "2026-06-11T21:55:34.035Z" },
    { url = "https://files.pythonhosted.org/packages/0f/58/dc12f2cd484951524af6e3382c785869b9b3fb5e52ee95ae23add53ee8f9/protobuf-7.35.1-cp310-abi3-manylinux2014_s390x.whl", hash = "sha256:b73f9489a4b8b1c9cb1f8ed951c736392592edb24b9d6819f36d2e10b171d5b4", size = 344030, upload-time = "2026-06-11T21:55:34.941Z" },
    { url = "https://files.pythonhosted.org/packages/e4/be/5b3cfe508bfab6761414ff944e3366eb13be4fd71efcd69450f89ba39f43/protobuf-7.35.1-cp310-abi3-manylinux2014_x86_64.whl", hash = "sha256:74758715c53d7158fb76caf4f0cfdacc5329a4b1bb994f865d6cf302d413a1c4", size = 327130, upload-time = "2026-06-11T21:55:35.921Z" },
    { url = "https://files.pythonhosted.org/packages/d8/bc/6d6c7ba8709c85f8f2c390b2b118d6fb08a783676a572271851bf45a7d22/protobuf-7.35.1-cp310-abi3-win32.whl", hash = "sha256:353652e4efd0bca5b5fc2656abf8307ef351f0cf938c9eba09f0e09c20a25c30", size = 428945, upload-time = "2026-06-11T21:55:37.034Z" },
    { url = "https://files.pythonhosted.org/packages/0a/19/8d0cb6f20a1ef7b18f1c8986ad5783f22f84cce39c6ce9a6e645ea55192e/protobuf-7.35.1-cp310-abi3-win_amd64.whl", hash = "sha256:230a75ddfc2de4806e56696ce9640c1cdfdb6543b7cfce98d42a4c0a0e7bdb87", size = 439996, upload-time = "2026-06-11T21:55:38.123Z" },
    { url = "https://files.pythonhosted.org/packages/19/c7/5f7c636ec43e0c545e28d1f1db71990108306f7bdcb89f069ba97e428e7f/protobuf-7.35.1-py3-none-any.whl", hash = "sha256:4bc97768d8fe4ad6743c8a19403e314511ed9f6d13205b687e52421c023ac1b9", size = 171659, upload-time = "2026-06-11T21:55:39.155Z" },
]

[[package]]
name = "tfrecord"
version = "1.14.6"
source = { registry = "https://pypi.org/simple" }
dependencies = [
    { name = "crc32c" },
    { name = "numpy" },
    { name = "protobuf" },
]
sdist = { url = "https://files.pythonhosted.org/packages/d1/aa/94b34b93e4d2ab81464a95784dd1cb5ad752944b984247496ee5eae30130/tfrecord-1.14.6.tar.gz", hash = "sha256:03483dd1745b80239dc4510e22decc4c97aa5178704bdfa2d01d1636edf9f5c7", size = 16107, upload-time = "2025-05-15T19:55:22.623Z" }
